
Microsoft Visual Studio Solution File, Format Version 12.00
# Visual Studio Version 16
VisualStudioVersion = 16.0.29911.84
MinimumVisualStudioVersion = 10.0.40219.1
Project("{FAE04EC0-301F-11D3-BF4B-00C04F79EFBC}") = "Memento", "Memento\Memento.csproj", "{05B53C15-819F-4552-B215-39B4D3EDC77D}"
EndProject
Project("{FAE04EC0-301F-11D3-BF4B-00C04F79EFBC}") = "State", "State\State.csproj", "{965A752B-F4C4-486E-A86A-830CCCD2483B}"
EndProject
Global
	GlobalSection(SolutionConfigurationPlatforms) = preSolution
		Debug|Any CPU = Debug|Any CPU
		Release|Any CPU = Release|Any CPU
	EndGlobalSection
	GlobalSection(ProjectConfigurationPlatforms) = postSolution
		{05B53C15-819F-4552-B215-39B4D3EDC77D}.Debug|Any CPU.ActiveCfg = Debug|Any CPU
		{05B53C15-819F-4552-B215-39B4D3EDC77D}.Debug|Any CPU.Build.0 = Debug|Any CPU
		{05B53C15-819F-4552-B215-39B4D3EDC77D}.Release|Any CPU.ActiveCfg = Release|Any CPU
		{05B53C15-819F-4552-B215-39B4D3EDC77D}.Release|Any CPU.Build.0 = Release|Any CPU
		{965A752B-F4C4-486E-A86A-830CCCD2483B}.Debug|Any CPU.ActiveCfg = Debug|Any CPU
		{965A752B-F4C4-486E-A86A-830CCCD2483B}.Debug|Any CPU.Build.0 = Debug|Any CPU
		{965A752B-F4C4-486E-A86A-830CCCD2483B}.Release|Any CPU.ActiveCfg = Release|Any CPU
		{965A752B-F4C4-486E-A86A-830CCCD2483B}.Release|Any CPU.Build.0 = Release|Any CPU
	EndGlobalSection
	GlobalSection(SolutionProperties) = preSolution
		HideSolutionNode = FALSE
	EndGlobalSection
	GlobalSection(ExtensibilityGlobals) = postSolution
		SolutionGuid = {912C82C6-D86A-45B0-8901-B20768A75375}
	EndGlobalSection
EndGlobal
